
Microsoft Visual Studio Solution File, Format Version 12.00
# Visual Studio Version 17
VisualStudioVersion = 17.9.34701.34
MinimumVisualStudioVersion = 10.0.40219.1
Project("{9A19103F-16F7-4668-BE54-9A1E7A4F7556}") = "WebAPI", "WebAPI\WebAPI.csproj", "{9999DE18-498F-4CB2-BF94-C2716A0706BD}"
EndProject
Project("{9A19103F-16F7-4668-BE54-9A1E7A4F7556}") = "Domain", "Domain\Domain.csproj", "{0DDF1FB8-D4A7-4798-BFEA-9C5B3E43834A}"
EndProject
Project("{9A19103F-16F7-4668-BE54-9A1E7A4F7556}") = "Infrastructure", "Infrastructure\Infrastructure.csproj", "{210814F3-0AE5-40CF-8E1B-20CA6C599D5F}"
EndProject
Project("{9A19103F-16F7-4668-BE54-9A1E7A4F7556}") = "Application", "Application\Application.csproj", "{BF1A66E0-5A14-47C7-AA8D-94FA0D03253D}"
EndProject
Global
	GlobalSection(SolutionConfigurationPlatforms) = preSolution
		Debug|Any CPU = Debug|Any CPU
		Release|Any CPU = Release|Any CPU
	EndGlobalSection
	GlobalSection(ProjectConfigurationPlatforms) = postSolution
		{9999DE18-498F-4CB2-BF94-C2716A0706BD}.Debug|Any CPU.ActiveCfg = Debug|Any CPU
		{9999DE18-498F-4CB2-BF94-C2716A0706BD}.Debug|Any CPU.Build.0 = Debug|Any CPU
		{9999DE18-498F-4CB2-BF94-C2716A0706BD}.Release|Any CPU.ActiveCfg = Release|Any CPU
		{9999DE18-498F-4CB2-BF94-C2716A0706BD}.Release|Any CPU.Build.0 = Release|Any CPU
		{0DDF1FB8-D4A7-4798-BFEA-9C5B3E43834A}.Debug|Any CPU.ActiveCfg = Debug|Any CPU
		{0DDF1FB8-D4A7-4798-BFEA-9C5B3E43834A}.Debug|Any CPU.Build.0 = Debug|Any CPU
		{0DDF1FB8-D4A7-4798-BFEA-9C5B3E43834A}.Release|Any CPU.ActiveCfg = Release|Any CPU
		{0DDF1FB8-D4A7-4798-BFEA-9C5B3E43834A}.Release|Any CPU.Build.0 = Release|Any CPU
		{210814F3-0AE5-40CF-8E1B-20CA6C599D5F}.Debug|Any CPU.ActiveCfg = Debug|Any CPU
		{210814F3-0AE5-40CF-8E1B-20CA6C599D5F}.Debug|Any CPU.Build.0 = Debug|Any CPU
		{210814F3-0AE5-40CF-8E1B-20CA6C599D5F}.Release|Any CPU.ActiveCfg = Release|Any CPU
		{210814F3-0AE5-40CF-8E1B-20CA6C599D5F}.Release|Any CPU.Build.0 = Release|Any CPU
		{BF1A66E0-5A14-47C7-AA8D-94FA0D03253D}.Debug|Any CPU.ActiveCfg = Debug|Any CPU
		{BF1A66E0-5A14-47C7-AA8D-94FA0D03253D}.Debug|Any CPU.Build.0 = Debug|Any CPU
		{BF1A66E0-5A14-47C7-AA8D-94FA0D03253D}.Release|Any CPU.ActiveCfg = Release|Any CPU
		{BF1A66E0-5A14-47C7-AA8D-94FA0D03253D}.Release|Any CPU.Build.0 = Release|Any CPU
	EndGlobalSection
	GlobalSection(SolutionProperties) = preSolution
		HideSolutionNode = FALSE
	EndGlobalSection
	GlobalSection(ExtensibilityGlobals) = postSolution
		SolutionGuid = {7796D277-65A3-4DA0-9A55-A55B220DE322}
	EndGlobalSection
EndGlobal
